<?xml version="1.0" encoding="utf-8"?>
<Project ToolsVersion="4.0" xmlns="http://schemas.microsoft.com/developer/msbuild/2003">
  <ItemGroup>
    <Filter Include="Source Files">
      <UniqueIdentifier>{4FC737F1-C7A5-4376-A066-2A32D752A2FF}</UniqueIdentifier>
      <Extensions>cpp;c;cc;cxx;def;odl;idl;hpj;bat;asm;asmx</Extensions>
    </Filter>
    <Filter Include="Header Files">
      <UniqueIdentifier>{93995380-89BD-4b04-88EB-625FBE52EBFB}</UniqueIdentifier>
      <Extensions>h;hpp;hxx;hm;inl;inc;xsd</Extensions>
    </Filter>
    <Filter Include="Resource Files">
      <UniqueIdentifier>{67DA6AB6-F800-4c08-8B7A-83BB121AAD01}</UniqueIdentifier>
      <Extensions>rc;ico;cur;bmp;dlg;rc2;rct;bin;rgs;gif;jpg;jpeg;jpe;resx;tiff;tif;png;wav;mfcribbon-ms</Extensions>
    </Filter>
    <Filter Include="Source Files\http">
      <UniqueIdentifier>{50657732-4918-4e8c-81b6-4a4167ac547f}</UniqueIdentifier>
    </Filter>
    <Filter Include="Header Files\http">
      <UniqueIdentifier>{a2a60092-1503-4953-91c5-073cd432c127}</UniqueIdentifier>
    </Filter>
    <Filter Include="Header Files\http\coroutine">
      <UniqueIdentifier>{7c1eda8b-99ac-4dd8-b760-b8bb52605cf7}</UniqueIdentifier>
    </Filter>
    <Filter Include="Source Files\lua">
      <UniqueIdentifier>{dbee17fa-fe6a-40df-aa84-4101d67f89b4}</UniqueIdentifier>
    </Filter>
    <Filter Include="Header Files\lua">
      <UniqueIdentifier>{25f7f485-620f-4f77-8bbf-6984bd721043}</UniqueIdentifier>
    </Filter>
  </ItemGroup>
  <ItemGroup>
    <ClCompile Include="..\..\src\bot.cc">
      <Filter>Source Files</Filter>
    </ClCompile>
    <ClCompile Include="..\..\src\bot_browser.cc">
      <Filter>Source Files</Filter>
    </ClCompile>
    <ClCompile Include="..\..\src\main.cc">
      <Filter>Source Files</Filter>
    </ClCompile>
    <ClCompile Include="..\..\src\module.cc">
      <Filter>Source Files</Filter>
    </ClCompile>
    <ClCompile Include="..\..\src\http\url.cc">
      <Filter>Source Files\http</Filter>
    </ClCompile>
    <ClCompile Include="..\..\src\http\util.cc">
      <Filter>Source Files\http</Filter>
    </ClCompile>
    <ClCompile Include="..\..\src\http\webclient.cc">
      <Filter>Source Files\http</Filter>
    </ClCompile>
    <ClCompile Include="..\..\src\http\http_con.cc">
      <Filter>Source Files\http</Filter>
    </ClCompile>
    <ClCompile Include="..\..\src\http\http_source.cc">
      <Filter>Source Files\http</Filter>
    </ClCompile>
    <ClCompile Include="..\..\src\lua\lua_connection.cc">
      <Filter>Source Files\lua</Filter>
    </ClCompile>
    <ClCompile Include="..\..\src\lua\lua_http.cc">
      <Filter>Source Files\lua</Filter>
    </ClCompile>
    <ClCompile Include="..\..\src\lua\lua_util.cc">
      <Filter>Source Files\lua</Filter>
    </ClCompile>
    <ClCompile Include="..\..\src\package.cc">
      <Filter>Source Files</Filter>
    </ClCompile>
  </ItemGroup>
  <ItemGroup>
    <ClInclude Include="..\..\src\bot.h">
      <Filter>Header Files</Filter>
    </ClInclude>
    <ClInclude Include="..\..\src\bot_browser.h">
      <Filter>Header Files</Filter>
    </ClInclude>
    <ClInclude Include="..\..\src\module.h">
      <Filter>Header Files</Filter>
    </ClInclude>
    <ClInclude Include="..\..\src\proxy_check.h">
      <Filter>Header Files</Filter>
    </ClInclude>
    <ClInclude Include="..\..\src\http\error.h">
      <Filter>Header Files\http</Filter>
    </ClInclude>
    <ClInclude Include="..\..\src\http\http_con.h">
      <Filter>Header Files\http</Filter>
    </ClInclude>
    <ClInclude Include="..\..\src\http\http_source.h">
      <Filter>Header Files\http</Filter>
    </ClInclude>
    <ClInclude Include="..\..\src\http\url.h">
      <Filter>Header Files\http</Filter>
    </ClInclude>
    <ClInclude Include="..\..\src\http\useragents.h">
      <Filter>Header Files\http</Filter>
    </ClInclude>
    <ClInclude Include="..\..\src\http\util.h">
      <Filter>Header Files\http</Filter>
    </ClInclude>
    <ClInclude Include="..\..\src\http\webclient.h">
      <Filter>Header Files\http</Filter>
    </ClInclude>
    <ClInclude Include="..\..\src\http\coroutine\coroutine.hpp">
      <Filter>Header Files\http\coroutine</Filter>
    </ClInclude>
    <ClInclude Include="..\..\src\http\coroutine\unyield.hpp">
      <Filter>Header Files\http\coroutine</Filter>
    </ClInclude>
    <ClInclude Include="..\..\src\http\coroutine\yield.hpp">
      <Filter>Header Files\http\coroutine</Filter>
    </ClInclude>
    <ClInclude Include="..\..\src\lua\lua_connection.h">
      <Filter>Header Files\lua</Filter>
    </ClInclude>
    <ClInclude Include="..\..\src\lua\lua_http.h">
      <Filter>Header Files\lua</Filter>
    </ClInclude>
    <ClInclude Include="..\..\src\lua\lua_util.h">
      <Filter>Header Files\lua</Filter>
    </ClInclude>
    <ClInclude Include="..\..\src\lua\state_wrapper.h">
      <Filter>Header Files\lua</Filter>
    </ClInclude>
    <ClInclude Include="..\..\src\package.h">
      <Filter>Header Files</Filter>
    </ClInclude>
  </ItemGroup>
</Project>